// !$*UTF8*$!
{
	archiveVersion = 1;
	classes = {
	};
	objectVersion = 52;
	objects = {

/* Begin PBXBuildFile section */
		0868308775C957FCF4487453 /* amplifyconfiguration.json in Resources */ = {isa = PBXBuildFile; fileRef = 767E5DB19ABAFA822AD47A3F /* amplifyconfiguration.json */; };
		20316DE715E72EA7EC81DACC /* awsconfiguration.json in Resources */ = {isa = PBXBuildFile; fileRef = EF5D92D9373BAC44B41999D7 /* awsconfiguration.json */; };
		8A243AEA20D99188005947D6 /* ModelDescriptionViewController.swift in Sources */ = {isa = PBXBuildFile; fileRef = 8A243AE920D99188005947D6 /* ModelDescriptionViewController.swift */; };
		8A413B9120D2205F00A761EC /* AppDelegate.swift in Sources */ = {isa = PBXBuildFile; fileRef = 8A413B9020D2205F00A761EC /* AppDelegate.swift */; };
		8A413B9320D2205F00A761EC /* ViewController.swift in Sources */ = {isa = PBXBuildFile; fileRef = 8A413B9220D2205F00A761EC /* ViewController.swift */; };
		8A413B9620D2205F00A761EC /* Main.storyboard in Resources */ = {isa = PBXBuildFile; fileRef = 8A413B9420D2205F00A761EC /* Main.storyboard */; };
		8A413B9820D2206100A761EC /* Assets.xcassets in Resources */ = {isa = PBXBuildFile; fileRef = 8A413B9720D2206100A761EC /* Assets.xcassets */; };
		8A413B9B20D2206100A761EC /* LaunchScreen.storyboard in Resources */ = {isa = PBXBuildFile; fileRef = 8A413B9920D2206100A761EC /* LaunchScreen.storyboard */; };
		8A413BA620D221D500A761EC /* VideoCameraType.swift in Sources */ = {isa = PBXBuildFile; fileRef = 8A413BA320D221D500A761EC /* VideoCameraType.swift */; };
		8A413BA720D221D500A761EC /* VideoCapture.swift in Sources */ = {isa = PBXBuildFile; fileRef = 8A413BA420D221D500A761EC /* VideoCapture.swift */; };
		8A413BA820D221D500A761EC /* AVCaptureDevice+Extension.swift in Sources */ = {isa = PBXBuildFile; fileRef = 8A413BA520D221D500A761EC /* AVCaptureDevice+Extension.swift */; };
		8A8DE5C920D6DEA200914B67 /* models in Resources */ = {isa = PBXBuildFile; fileRef = 8A8DE5C820D6DEA200914B67 /* models */; };
		8AEC912C24273FD70014E67B /* BoundingBoxView.swift in Sources */ = {isa = PBXBuildFile; fileRef = 8AEC912B24273FD70014E67B /* BoundingBoxView.swift */; };
		9B2B7B3928997C7A00B3F41E /* HistoricalScan.swift in Sources */ = {isa = PBXBuildFile; fileRef = 9B2B7B3828997C7A00B3F41E /* HistoricalScan.swift */; };
		9B2B7B3B28997EC500B3F41E /* ScanView.swift in Sources */ = {isa = PBXBuildFile; fileRef = 9B2B7B3A28997EC500B3F41E /* ScanView.swift */; };
		9B526C4B2891A55100FAA160 /* graphql in Resources */ = {isa = PBXBuildFile; fileRef = 9B526C482891A55100FAA160 /* graphql */; };
		9B526C4C2891A55100FAA160 /* API.swift in Sources */ = {isa = PBXBuildFile; fileRef = 9B526C492891A55100FAA160 /* API.swift */; };
		9B526C4D2891A55100FAA160 /* amplify in Resources */ = {isa = PBXBuildFile; fileRef = 9B526C4A2891A55100FAA160 /* amplify */; };
		9B526C602891AA0A00FAA160 /* AWSAPIPlugin in Frameworks */ = {isa = PBXBuildFile; productRef = 9B526C5F2891AA0A00FAA160 /* AWSAPIPlugin */; };
		9B526C622891AA0A00FAA160 /* AWSPluginsCore in Frameworks */ = {isa = PBXBuildFile; productRef = 9B526C612891AA0A00FAA160 /* AWSPluginsCore */; };
		9B526C642891AA0A00FAA160 /* Amplify in Frameworks */ = {isa = PBXBuildFile; productRef = 9B526C632891AA0A00FAA160 /* Amplify */; };
/* End PBXBuildFile section */

/* Begin PBXFileReference section */
		767E5DB19ABAFA822AD47A3F /* amplifyconfiguration.json */ = {isa = PBXFileReference; explicitFileType = text.json; path = amplifyconfiguration.json; sourceTree = "<group>"; };
		8A243AE920D99188005947D6 /* ModelDescriptionViewController.swift */ = {isa = PBXFileReference; lastKnownFileType = sourcecode.swift; path = ModelDescriptionViewController.swift; sourceTree = "<group>"; };
		8A413B8D20D2205F00A761EC /* MLModelCamera.app */ = {isa = PBXFileReference; explicitFileType = wrapper.application; includeInIndex = 0; path = MLModelCamera.app; sourceTree = BUILT_PRODUCTS_DIR; };
		8A413B9020D2205F00A761EC /* AppDelegate.swift */ = {isa = PBXFileReference; lastKnownFileType = sourcecode.swift; path = AppDelegate.swift; sourceTree = "<group>"; };
		8A413B9220D2205F00A761EC /* ViewController.swift */ = {isa = PBXFileReference; lastKnownFileType = sourcecode.swift; path = ViewController.swift; sourceTree = "<group>"; };
		8A413B9520D2205F00A761EC /* Base */ = {isa = PBXFileReference; lastKnownFileType = file.storyboard; name = Base; path = Base.lproj/Main.storyboard; sourceTree = "<group>"; };
		8A413B9720D2206100A761EC /* Assets.xcassets */ = {isa = PBXFileReference; lastKnownFileType = folder.assetcatalog; path = Assets.xcassets; sourceTree = "<group>"; };
		8A413B9A20D2206100A761EC /* Base */ = {isa = PBXFileReference; lastKnownFileType = file.storyboard; name = Base; path = Base.lproj/LaunchScreen.storyboard; sourceTree = "<group>"; };
		8A413B9C20D2206100A761EC /* Info.plist */ = {isa = PBXFileReference; lastKnownFileType = text.plist.xml; path = Info.plist; sourceTree = "<group>"; };
		8A413BA320D221D500A761EC /* VideoCameraType.swift */ = {isa = PBXFileReference; fileEncoding = 4; lastKnownFileType = sourcecode.swift; path = VideoCameraType.swift; sourceTree = "<group>"; };
		8A413BA420D221D500A761EC /* VideoCapture.swift */ = {isa = PBXFileReference; fileEncoding = 4; lastKnownFileType = sourcecode.swift; path = VideoCapture.swift; sourceTree = "<group>"; };
		8A413BA520D221D500A761EC /* AVCaptureDevice+Extension.swift */ = {isa = PBXFileReference; fileEncoding = 4; lastKnownFileType = sourcecode.swift; path = "AVCaptureDevice+Extension.swift"; sourceTree = "<group>"; };
		8A8DE5C820D6DEA200914B67 /* models */ = {isa = PBXFileReference; lastKnownFileType = folder; path = models; sourceTree = "<group>"; };
		8AEC912B24273FD70014E67B /* BoundingBoxView.swift */ = {isa = PBXFileReference; lastKnownFileType = sourcecode.swift; path = BoundingBoxView.swift; sourceTree = "<group>"; };
		9B2B7B3828997C7A00B3F41E /* HistoricalScan.swift */ = {isa = PBXFileReference; lastKnownFileType = sourcecode.swift; path = HistoricalScan.swift; sourceTree = "<group>"; };
		9B2B7B3A28997EC500B3F41E /* ScanView.swift */ = {isa = PBXFileReference; lastKnownFileType = sourcecode.swift; path = ScanView.swift; sourceTree = "<group>"; };
		9B2B7B3C289C8C4300B3F41E /* TestPlan.xctestplan */ = {isa = PBXFileReference; lastKnownFileType = text; path = TestPlan.xctestplan; sourceTree = "<group>"; };
		9B526C482891A55100FAA160 /* graphql */ = {isa = PBXFileReference; lastKnownFileType = folder; path = graphql; sourceTree = "<group>"; };
		9B526C492891A55100FAA160 /* API.swift */ = {isa = PBXFileReference; fileEncoding = 4; lastKnownFileType = sourcecode.swift; path = API.swift; sourceTree = "<group>"; };
		9B526C4A2891A55100FAA160 /* amplify */ = {isa = PBXFileReference; lastKnownFileType = folder; path = amplify; sourceTree = "<group>"; };
		EF5D92D9373BAC44B41999D7 /* awsconfiguration.json */ = {isa = PBXFileReference; explicitFileType = text.json; path = awsconfiguration.json; sourceTree = "<group>"; };
/* End PBXFileReference section */

/* Begin PBXFrameworksBuildPhase section */
		8A413B8A20D2205F00A761EC /* Frameworks */ = {
			isa = PBXFrameworksBuildPhase;
			buildActionMask = 2147483647;
			files = (
				9B526C642891AA0A00FAA160 /* Amplify in Frameworks */,
				9B526C622891AA0A00FAA160 /* AWSPluginsCore in Frameworks */,
				9B526C602891AA0A00FAA160 /* AWSAPIPlugin in Frameworks */,
			);
			runOnlyForDeploymentPostprocessing = 0;
		};
/* End PBXFrameworksBuildPhase section */

/* Begin PBXGroup section */
		0E71BC141C32BC6ED1A4FE1B /* AmplifyConfig */ = {
			isa = PBXGroup;
			children = (
				EF5D92D9373BAC44B41999D7 /* awsconfiguration.json */,
				767E5DB19ABAFA822AD47A3F /* amplifyconfiguration.json */,
			);
			name = AmplifyConfig;
			sourceTree = "<group>";
		};
		8A413B8420D2205F00A761EC = {
			isa = PBXGroup;
			children = (
				9B2B7B3C289C8C4300B3F41E /* TestPlan.xctestplan */,
				9B2B7B3A28997EC500B3F41E /* ScanView.swift */,
				9B2B7B3728997C3600B3F41E /* DataModels */,
				9B526C4A2891A55100FAA160 /* amplify */,
				9B526C492891A55100FAA160 /* API.swift */,
				9B526C482891A55100FAA160 /* graphql */,
				8A8DE5C820D6DEA200914B67 /* models */,
				8A413BA220D221D500A761EC /* VideoCapture */,
				8A413B8F20D2205F00A761EC /* MLModelCamera */,
				8A413B8E20D2205F00A761EC /* Products */,
				0E71BC141C32BC6ED1A4FE1B /* AmplifyConfig */,
			);
			sourceTree = "<group>";
		};
		8A413B8E20D2205F00A761EC /* Products */ = {
			isa = PBXGroup;
			children = (
				8A413B8D20D2205F00A761EC /* MLModelCamera.app */,
			);
			name = Products;
			sourceTree = "<group>";
		};
		8A413B8F20D2205F00A761EC /* MLModelCamera */ = {
			isa = PBXGroup;
			children = (
				8A413B9C20D2206100A761EC /* Info.plist */,
				8A413B9720D2206100A761EC /* Assets.xcassets */,
				8A413B9920D2206100A761EC /* LaunchScreen.storyboard */,
				8A413B9420D2205F00A761EC /* Main.storyboard */,
				8A413B9020D2205F00A761EC /* AppDelegate.swift */,
				8A413B9220D2205F00A761EC /* ViewController.swift */,
				8A243AE920D99188005947D6 /* ModelDescriptionViewController.swift */,
				8AEC912B24273FD70014E67B /* BoundingBoxView.swift */,
			);
			path = MLModelCamera;
			sourceTree = "<group>";
		};
		8A413BA220D221D500A761EC /* VideoCapture */ = {
			isa = PBXGroup;
			children = (
				8A413BA320D221D500A761EC /* VideoCameraType.swift */,
				8A413BA420D221D500A761EC /* VideoCapture.swift */,
				8A413BA520D221D500A761EC /* AVCaptureDevice+Extension.swift */,
			);
			path = VideoCapture;
			sourceTree = "<group>";
		};
		9B2B7B3728997C3600B3F41E /* DataModels */ = {
			isa = PBXGroup;
			children = (
				9B2B7B3828997C7A00B3F41E /* HistoricalScan.swift */,
			);
			path = DataModels;
			sourceTree = "<group>";
		};
/* End PBXGroup section */

/* Begin PBXNativeTarget section */
		8A413B8C20D2205F00A761EC /* MLModelCamera */ = {
			isa = PBXNativeTarget;
			buildConfigurationList = 8A413B9F20D2206100A761EC /* Build configuration list for PBXNativeTarget "MLModelCamera" */;
			buildPhases = (
				8A413B8920D2205F00A761EC /* Sources */,
				8A413B8A20D2205F00A761EC /* Frameworks */,
				8A413B8B20D2205F00A761EC /* Resources */,
			);
			buildRules = (
			);
			dependencies = (
			);
			name = MLModelCamera;
			packageProductDependencies = (
				9B526C5F2891AA0A00FAA160 /* AWSAPIPlugin */,
				9B526C612891AA0A00FAA160 /* AWSPluginsCore */,
				9B526C632891AA0A00FAA160 /* Amplify */,
			);
			productName = MLModelCamera;
			productReference = 8A413B8D20D2205F00A761EC /* MLModelCamera.app */;
			productType = "com.apple.product-type.application";
		};
/* End PBXNativeTarget section */

/* Begin PBXProject section */
		8A413B8520D2205F00A761EC /* Project object */ = {
			isa = PBXProject;
			attributes = {
				KnownAssetTags = (
					New,
				);
				LastSwiftUpdateCheck = 0940;
				LastUpgradeCheck = 1340;
				ORGANIZATIONNAME = "Richard Green";
				TargetAttributes = {
					8A413B8C20D2205F00A761EC = {
						CreatedOnToolsVersion = 9.4;
						LastSwiftMigration = 1130;
					};
				};
			};
			buildConfigurationList = 8A413B8820D2205F00A761EC /* Build configuration list for PBXProject "MLModelCamera" */;
			compatibilityVersion = "Xcode 9.3";
			developmentRegion = en;
			hasScannedForEncodings = 0;
			knownRegions = (
				en,
				Base,
			);
			mainGroup = 8A413B8420D2205F00A761EC;
			packageReferences = (
				9B526C5E2891AA0A00FAA160 /* XCRemoteSwiftPackageReference "amplify-ios" */,
			);
			productRefGroup = 8A413B8E20D2205F00A761EC /* Products */;
			projectDirPath = "";
			projectRoot = "";
			targets = (
				8A413B8C20D2205F00A761EC /* MLModelCamera */,
			);
		};
/* End PBXProject section */

/* Begin PBXResourcesBuildPhase section */
		8A413B8B20D2205F00A761EC /* Resources */ = {
			isa = PBXResourcesBuildPhase;
			buildActionMask = 2147483647;
			files = (
				8A413B9B20D2206100A761EC /* LaunchScreen.storyboard in Resources */,
				9B526C4D2891A55100FAA160 /* amplify in Resources */,
				8A413B9820D2206100A761EC /* Assets.xcassets in Resources */,
				8A8DE5C920D6DEA200914B67 /* models in Resources */,
				8A413B9620D2205F00A761EC /* Main.storyboard in Resources */,
				9B526C4B2891A55100FAA160 /* graphql in Resources */,
				20316DE715E72EA7EC81DACC /* awsconfiguration.json in Resources */,
				0868308775C957FCF4487453 /* amplifyconfiguration.json in Resources */,
			);
			runOnlyForDeploymentPostprocessing = 0;
		};
/* End PBXResourcesBuildPhase section */

/* Begin PBXSourcesBuildPhase section */
		8A413B8920D2205F00A761EC /* Sources */ = {
			isa = PBXSourcesBuildPhase;
			buildActionMask = 2147483647;
			files = (
				8A413BA720D221D500A761EC /* VideoCapture.swift in Sources */,
				8AEC912C24273FD70014E67B /* BoundingBoxView.swift in Sources */,
				8A413B9320D2205F00A761EC /* ViewController.swift in Sources */,
				8A413B9120D2205F00A761EC /* AppDelegate.swift in Sources */,
				8A413BA820D221D500A761EC /* AVCaptureDevice+Extension.swift in Sources */,
				8A413BA620D221D500A761EC /* VideoCameraType.swift in Sources */,
				9B526C4C2891A55100FAA160 /* API.swift in Sources */,
				9B2B7B3B28997EC500B3F41E /* ScanView.swift in Sources */,
				9B2B7B3928997C7A00B3F41E /* HistoricalScan.swift in Sources */,
				8A243AEA20D99188005947D6 /* ModelDescriptionViewController.swift in Sources */,
			);
			runOnlyForDeploymentPostprocessing = 0;
		};
/* End PBXSourcesBuildPhase section */

/* Begin PBXVariantGroup section */
		8A413B9420D2205F00A761EC /* Main.storyboard */ = {
			isa = PBXVariantGroup;
			children = (
				8A413B9520D2205F00A761EC /* Base */,
			);
			name = Main.storyboard;
			sourceTree = "<group>";
		};
		8A413B9920D2206100A761EC /* LaunchScreen.storyboard */ = {
			isa = PBXVariantGroup;
			children = (
				8A413B9A20D2206100A761EC /* Base */,
			);
			name = LaunchScreen.storyboard;
			sourceTree = "<group>";
		};
/* End PBXVariantGroup section */

/* Begin XCBuildConfiguration section */
		8A413B9D20D2206100A761EC /* Debug */ = {
			isa = XCBuildConfiguration;
			buildSettings = {
				ALWAYS_SEARCH_USER_PATHS = NO;
				CLANG_ANALYZER_NONNULL = YES;
				CLANG_ANALYZER_NUMBER_OBJECT_CONVERSION = YES_AGGRESSIVE;
				CLANG_CXX_LANGUAGE_STANDARD = "gnu++14";
				CLANG_CXX_LIBRARY = "libc++";
				CLANG_ENABLE_MODULES = YES;
				CLANG_ENABLE_OBJC_ARC = YES;
				CLANG_ENABLE_OBJC_WEAK = YES;
				CLANG_WARN_BLOCK_CAPTURE_AUTORELEASING = YES;
				CLANG_WARN_BOOL_CONVERSION = YES;
				CLANG_WARN_COMMA = YES;
				CLANG_WARN_CONSTANT_CONVERSION = YES;
				CLANG_WARN_DEPRECATED_OBJC_IMPLEMENTATIONS = YES;
				CLANG_WARN_DIRECT_OBJC_ISA_USAGE = YES_ERROR;
				CLANG_WARN_DOCUMENTATION_COMMENTS = YES;
				CLANG_WARN_EMPTY_BODY = YES;
				CLANG_WARN_ENUM_CONVERSION = YES;
				CLANG_WARN_INFINITE_RECURSION = YES;
				CLANG_WARN_INT_CONVERSION = YES;
				CLANG_WARN_NON_LITERAL_NULL_CONVERSION = YES;
				CLANG_WARN_OBJC_IMPLICIT_RETAIN_SELF = YES;
				CLANG_WARN_OBJC_LITERAL_CONVERSION = YES;
				CLANG_WARN_OBJC_ROOT_CLASS = YES_ERROR;
				CLANG_WARN_QUOTED_INCLUDE_IN_FRAMEWORK_HEADER = YES;
				CLANG_WARN_RANGE_LOOP_ANALYSIS = YES;
				CLANG_WARN_STRICT_PROTOTYPES = YES;
				CLANG_WARN_SUSPICIOUS_MOVE = YES;
				CLANG_WARN_UNGUARDED_AVAILABILITY = YES_AGGRESSIVE;
				CLANG_WARN_UNREACHABLE_CODE = YES;
				CLANG_WARN__DUPLICATE_METHOD_MATCH = YES;
				CODE_SIGN_IDENTITY = "iPhone Developer";
				COPY_PHASE_STRIP = NO;
				DEBUG_INFORMATION_FORMAT = dwarf;
				ENABLE_STRICT_OBJC_MSGSEND = YES;
				ENABLE_TESTABILITY = YES;
				GCC_C_LANGUAGE_STANDARD = gnu11;
				GCC_DYNAMIC_NO_PIC = NO;
				GCC_NO_COMMON_BLOCKS = YES;
				GCC_OPTIMIZATION_LEVEL = 0;
				GCC_PREPROCESSOR_DEFINITIONS = (
					"DEBUG=1",
					"$(inherited)",
				);
				GCC_WARN_64_TO_32_BIT_CONVERSION = YES;
				GCC_WARN_ABOUT_RETURN_TYPE = YES_ERROR;
				GCC_WARN_UNDECLARED_SELECTOR = YES;
				GCC_WARN_UNINITIALIZED_AUTOS = YES_AGGRESSIVE;
				GCC_WARN_UNUSED_FUNCTION = YES;
				GCC_WARN_UNUSED_VARIABLE = YES;
				IPHONEOS_DEPLOYMENT_TARGET = 12.0;
				MTL_ENABLE_DEBUG_INFO = YES;
				ONLY_ACTIVE_ARCH = YES;
				SDKROOT = iphoneos;
				SWIFT_ACTIVE_COMPILATION_CONDITIONS = DEBUG;
				SWIFT_OPTIMIZATION_LEVEL = "-Onone";
			};
			name = Debug;
		};
		8A413B9E20D2206100A761EC /* Release */ = {
			isa = XCBuildConfiguration;
			buildSettings = {
				ALWAYS_SEARCH_USER_PATHS = NO;
				CLANG_ANALYZER_NONNULL = YES;
				CLANG_ANALYZER_NUMBER_OBJECT_CONVERSION = YES_AGGRESSIVE;
				CLANG_CXX_LANGUAGE_STANDARD = "gnu++14";
				CLANG_CXX_LIBRARY = "libc++";
				CLANG_ENABLE_MODULES = YES;
				CLANG_ENABLE_OBJC_ARC = YES;
				CLANG_ENABLE_OBJC_WEAK = YES;
				CLANG_WARN_BLOCK_CAPTURE_AUTORELEASING = YES;
				CLANG_WARN_BOOL_CONVERSION = YES;
				CLANG_WARN_COMMA = YES;
				CLANG_WARN_CONSTANT_CONVERSION = YES;
				CLANG_WARN_DEPRECATED_OBJC_IMPLEMENTATIONS = YES;
				CLANG_WARN_DIRECT_OBJC_ISA_USAGE = YES_ERROR;
				CLANG_WARN_DOCUMENTATION_COMMENTS = YES;
				CLANG_WARN_EMPTY_BODY = YES;
				CLANG_WARN_ENUM_CONVERSION = YES;
				CLANG_WARN_INFINITE_RECURSION = YES;
				CLANG_WARN_INT_CONVERSION = YES;
				CLANG_WARN_NON_LITERAL_NULL_CONVERSION = YES;
				CLANG_WARN_OBJC_IMPLICIT_RETAIN_SELF = YES;
				CLANG_WARN_OBJC_LITERAL_CONVERSION = YES;
				CLANG_WARN_OBJC_ROOT_CLASS = YES_ERROR;
				CLANG_WARN_QUOTED_INCLUDE_IN_FRAMEWORK_HEADER = YES;
				CLANG_WARN_RANGE_LOOP_ANALYSIS = YES;
				CLANG_WARN_STRICT_PROTOTYPES = YES;
				CLANG_WARN_SUSPICIOUS_MOVE = YES;
				CLANG_WARN_UNGUARDED_AVAILABILITY = YES_AGGRESSIVE;
				CLANG_WARN_UNREACHABLE_CODE = YES;
				CLANG_WARN__DUPLICATE_METHOD_MATCH = YES;
				CODE_SIGN_IDENTITY = "iPhone Developer";
				COPY_PHASE_STRIP = NO;
				DEBUG_INFORMATION_FORMAT = "dwarf-with-dsym";
				ENABLE_NS_ASSERTIONS = NO;
				ENABLE_STRICT_OBJC_MSGSEND = YES;
				GCC_C_LANGUAGE_STANDARD = gnu11;
				GCC_NO_COMMON_BLOCKS = YES;
				GCC_WARN_64_TO_32_BIT_CONVERSION = YES;
				GCC_WARN_ABOUT_RETURN_TYPE = YES_ERROR;
				GCC_WARN_UNDECLARED_SELECTOR = YES;
				GCC_WARN_UNINITIALIZED_AUTOS = YES_AGGRESSIVE;
				GCC_WARN_UNUSED_FUNCTION = YES;
				GCC_WARN_UNUSED_VARIABLE = YES;
				IPHONEOS_DEPLOYMENT_TARGET = 12.0;
				MTL_ENABLE_DEBUG_INFO = NO;
				SDKROOT = iphoneos;
				SWIFT_COMPILATION_MODE = wholemodule;
				SWIFT_OPTIMIZATION_LEVEL = "-O";
				VALIDATE_PRODUCT = YES;
			};
			name = Release;
		};
		8A413BA020D2206100A761EC /* Debug */ = {
			isa = XCBuildConfiguration;
			buildSettings = {
				ASSETCATALOG_COMPILER_APPICON_NAME = AppIcon;
				CODE_SIGN_STYLE = Automatic;
				CURRENT_PROJECT_VERSION = 25;
				DEVELOPMENT_TEAM = 2S93JEP63Z;
				INFOPLIST_FILE = MLModelCamera/Info.plist;
				IPHONEOS_DEPLOYMENT_TARGET = 13.0;
				LD_RUNPATH_SEARCH_PATHS = (
					"$(inherited)",
					"@executable_path/Frameworks",
				);
				MARKETING_VERSION = 1.2;
				PRODUCT_BUNDLE_IDENTIFIER = com.reneodlt.medaldetector;
				PRODUCT_NAME = "$(TARGET_NAME)";
				SWIFT_VERSION = 5.0;
				TARGETED_DEVICE_FAMILY = "1,2";
			};
			name = Debug;
		};
		8A413BA120D2206100A761EC /* Release */ = {
			isa = XCBuildConfiguration;
			buildSettings = {
				ASSETCATALOG_COMPILER_APPICON_NAME = AppIcon;
				CODE_SIGN_STYLE = Automatic;
				CURRENT_PROJECT_VERSION = 25;
				DEVELOPMENT_TEAM = 2S93JEP63Z;
				INFOPLIST_FILE = MLModelCamera/Info.plist;
				IPHONEOS_DEPLOYMENT_TARGET = 13.0;
				LD_RUNPATH_SEARCH_PATHS = (
					"$(inherited)",
					"@executable_path/Frameworks",
				);
				MARKETING_VERSION = 1.2;
				PRODUCT_BUNDLE_IDENTIFIER = com.reneodlt.medaldetector;
				PRODUCT_NAME = "$(TARGET_NAME)";
				SWIFT_VERSION = 5.0;
				TARGETED_DEVICE_FAMILY = "1,2";
			};
			name = Release;
		};
/* End XCBuildConfiguration section */

/* Begin XCConfigurationList section */
		8A413B8820D2205F00A761EC /* Build configuration list for PBXProject "MLModelCamera" */ = {
			isa = XCConfigurationList;
			buildConfigurations = (
				8A413B9D20D2206100A761EC /* Debug */,
				8A413B9E20D2206100A761EC /* Release */,
			);
			defaultConfigurationIsVisible = 0;
			defaultConfigurationName = Release;
		};
		8A413B9F20D2206100A761EC /* Build configuration list for PBXNativeTarget "MLModelCamera" */ = {
			isa = XCConfigurationList;
			buildConfigurations = (
				8A413BA020D2206100A761EC /* Debug */,
				8A413BA120D2206100A761EC /* Release */,
			);
			defaultConfigurationIsVisible = 0;
			defaultConfigurationName = Release;
		};
/* End XCConfigurationList section */

/* Begin XCRemoteSwiftPackageReference section */
		9B526C5E2891AA0A00FAA160 /* XCRemoteSwiftPackageReference "amplify-ios" */ = {
			isa = XCRemoteSwiftPackageReference;
			repositoryURL = "https://github.com/aws-amplify/amplify-ios";
			requirement = {
				kind = upToNextMajorVersion;
				minimumVersion = 1.0.0;
			};
		};
/* End XCRemoteSwiftPackageReference section */

/* Begin XCSwiftPackageProductDependency section */
		9B526C5F2891AA0A00FAA160 /* AWSAPIPlugin */ = {
			isa = XCSwiftPackageProductDependency;
			package = 9B526C5E2891AA0A00FAA160 /* XCRemoteSwiftPackageReference "amplify-ios" */;
			productName = AWSAPIPlugin;
		};
		9B526C612891AA0A00FAA160 /* AWSPluginsCore */ = {
			isa = XCSwiftPackageProductDependency;
			package = 9B526C5E2891AA0A00FAA160 /* XCRemoteSwiftPackageReference "amplify-ios" */;
			productName = AWSPluginsCore;
		};
		9B526C632891AA0A00FAA160 /* Amplify */ = {
			isa = XCSwiftPackageProductDependency;
			package = 9B526C5E2891AA0A00FAA160 /* XCRemoteSwiftPackageReference "amplify-ios" */;
			productName = Amplify;
		};
/* End XCSwiftPackageProductDependency section */
	};
	rootObject = 8A413B8520D2205F00A761EC /* Project object */;
}
